Microsoft Visual Studio Solution File, Format Version 9.00
# Visual Studio 2005
Project("{8BC9CEB8-8B4A-11D0-8D11-00A0C91BC942}") = "Server_shared", "Server_shared.vcproj", "{570AF151-36FC-4638-A23A-673975792A19}"
	ProjectSection(ProjectDependencies) = postProject
		{F513547B-028B-42F8-BE76-A50FD3A3BA3F} = {F513547B-028B-42F8-BE76-A50FD3A3BA3F}
	EndProjectSection
EndProject
Project("{8BC9CEB8-8B4A-11D0-8D11-00A0C91BC942}") = "Server_static", "Server_static.vcproj", "{A52909BB-E783-4522-BF2D-D9786023881D}"
	ProjectSection(ProjectDependencies) = postProject
		{4C40E24A-E85F-4DD1-9E6D-F8B19CD7D2D4} = {4C40E24A-E85F-4DD1-9E6D-F8B19CD7D2D4}
	EndProjectSection
EndProject
Project("{8BC9CEB8-8B4A-11D0-8D11-00A0C91BC942}") = "Class_lib", "Class_lib.vcproj", "{4C40E24A-E85F-4DD1-9E6D-F8B19CD7D2D4}"
EndProject
Project("{8BC9CEB8-8B4A-11D0-8D11-00A0C91BC942}") = "Class_dll", "Class_dll.vcproj", "{F513547B-028B-42F8-BE76-A50FD3A3BA3F}"
EndProject
Global
	GlobalSection(SolutionConfigurationPlatforms) = preSolution
		Debug|Win32 = Debug|Win32
		Release|Win32 = Release|Win32
	EndGlobalSection
	GlobalSection(ProjectConfigurationPlatforms) = postSolution
		{570AF151-36FC-4638-A23A-673975792A19}.Debug|Win32.ActiveCfg = Debug|Win32
		{570AF151-36FC-4638-A23A-673975792A19}.Debug|Win32.Build.0 = Debug|Win32
		{570AF151-36FC-4638-A23A-673975792A19}.Release|Win32.ActiveCfg = Release|Win32
		{570AF151-36FC-4638-A23A-673975792A19}.Release|Win32.Build.0 = Release|Win32
		{A52909BB-E783-4522-BF2D-D9786023881D}.Debug|Win32.ActiveCfg = Debug|Win32
		{A52909BB-E783-4522-BF2D-D9786023881D}.Debug|Win32.Build.0 = Debug|Win32
		{A52909BB-E783-4522-BF2D-D9786023881D}.Release|Win32.ActiveCfg = Release|Win32
		{A52909BB-E783-4522-BF2D-D9786023881D}.Release|Win32.Build.0 = Release|Win32
		{4C40E24A-E85F-4DD1-9E6D-F8B19CD7D2D4}.Debug|Win32.ActiveCfg = Debug|Win32
		{4C40E24A-E85F-4DD1-9E6D-F8B19CD7D2D4}.Debug|Win32.Build.0 = Debug|Win32
		{4C40E24A-E85F-4DD1-9E6D-F8B19CD7D2D4}.Release|Win32.ActiveCfg = Release|Win32
		{4C40E24A-E85F-4DD1-9E6D-F8B19CD7D2D4}.Release|Win32.Build.0 = Release|Win32
		{F513547B-028B-42F8-BE76-A50FD3A3BA3F}.Debug|Win32.ActiveCfg = Debug|Win32
		{F513547B-028B-42F8-BE76-A50FD3A3BA3F}.Debug|Win32.Build.0 = Debug|Win32
		{F513547B-028B-42F8-BE76-A50FD3A3BA3F}.Release|Win32.ActiveCfg = Release|Win32
		{F513547B-028B-42F8-BE76-A50FD3A3BA3F}.Release|Win32.Build.0 = Release|Win32
	EndGlobalSection
	GlobalSection(SolutionProperties) = preSolution
		HideSolutionNode = FALSE
	EndGlobalSection
EndGlobal
